
Microsoft Visual Studio Solution File, Format Version 12.00
# Visual Studio 15
VisualStudioVersion = 15.0.27703.2000
MinimumVisualStudioVersion = 10.0.40219.1
Project("{FAE04EC0-301F-11D3-BF4B-00C04F79EFBC}") = "SuperheroOOP", "SuperheroOOP\SuperheroOOP.csproj", "{C2FCB36A-A23B-4ED3-B380-1C76A084CEE3}"
EndProject
Global
	GlobalSection(SolutionConfigurationPlatforms) = preSolution
		Debug|Any CPU = Debug|Any CPU
		Release|Any CPU = Release|Any CPU
	EndGlobalSection
	GlobalSection(ProjectConfigurationPlatforms) = postSolution
		{C2FCB36A-A23B-4ED3-B380-1C76A084CEE3}.Debug|Any CPU.ActiveCfg = Debug|Any CPU
		{C2FCB36A-A23B-4ED3-B380-1C76A084CEE3}.Debug|Any CPU.Build.0 = Debug|Any CPU
		{C2FCB36A-A23B-4ED3-B380-1C76A084CEE3}.Release|Any CPU.ActiveCfg = Release|Any CPU
		{C2FCB36A-A23B-4ED3-B380-1C76A084CEE3}.Release|Any CPU.Build.0 = Release|Any CPU
	EndGlobalSection
	GlobalSection(SolutionProperties) = preSolution
		HideSolutionNode = FALSE
	EndGlobalSection
	GlobalSection(ExtensibilityGlobals) = postSolution
		SolutionGuid = {F017D84D-FFFD-419C-AA66-46129934EFB0}
	EndGlobalSection
EndGlobal
